// !$*UTF8*$!
{
	archiveVersion = 1;
	classes = {
	};
	objectVersion = 56;
	objects = {

/* Begin PBXBuildFile section */
		0407A8262C3578A600D1520B /* ListTableCellViewModel.swift in Sources */ = {isa = PBXBuildFile; fileRef = 0407A8252C3578A600D1520B /* ListTableCellViewModel.swift */; };
		040BD2362C16EFA30029EF57 /* AppDelegate.swift in Sources */ = {isa = PBXBuildFile; fileRef = 040BD2352C16EFA30029EF57 /* AppDelegate.swift */; };
		040BD2382C16EFA30029EF57 /* SceneDelegate.swift in Sources */ = {isa = PBXBuildFile; fileRef = 040BD2372C16EFA30029EF57 /* SceneDelegate.swift */; };
		040BD23D2C16EFA30029EF57 /* Main.storyboard in Resources */ = {isa = PBXBuildFile; fileRef = 040BD23B2C16EFA30029EF57 /* Main.storyboard */; };
		040BD23F2C16EFA50029EF57 /* Assets.xcassets in Resources */ = {isa = PBXBuildFile; fileRef = 040BD23E2C16EFA50029EF57 /* Assets.xcassets */; };
		040BD2422C16EFA50029EF57 /* LaunchScreen.storyboard in Resources */ = {isa = PBXBuildFile; fileRef = 040BD2402C16EFA50029EF57 /* LaunchScreen.storyboard */; };
		042260EF2C40353A00B91815 /* PracticeViewController.swift in Sources */ = {isa = PBXBuildFile; fileRef = 042260EE2C40353A00B91815 /* PracticeViewController.swift */; };
		043301FD2C1EE35100A3B4E5 /* ListViewController.swift in Sources */ = {isa = PBXBuildFile; fileRef = 043301FC2C1EE35100A3B4E5 /* ListViewController.swift */; };
		043302002C1EE90500A3B4E5 /* ListTableViewCell.swift in Sources */ = {isa = PBXBuildFile; fileRef = 043301FE2C1EE90500A3B4E5 /* ListTableViewCell.swift */; };
		043302012C1EE90500A3B4E5 /* ListTableViewCell.xib in Resources */ = {isa = PBXBuildFile; fileRef = 043301FF2C1EE90500A3B4E5 /* ListTableViewCell.xib */; };
		046F43152C3A899400F70790 /* ListDescribtionViewModel.swift in Sources */ = {isa = PBXBuildFile; fileRef = 046F43142C3A899400F70790 /* ListDescribtionViewModel.swift */; };
		04A2D5E12C1751650069A787 /* Model.swift in Sources */ = {isa = PBXBuildFile; fileRef = 04A2D5E02C1751650069A787 /* Model.swift */; };
		04A2D5E52C17534F0069A787 /* ListViewControllerViewModel.swift in Sources */ = {isa = PBXBuildFile; fileRef = 04A2D5E42C17534F0069A787 /* ListViewControllerViewModel.swift */; };
		04A8714D2C3995990027E74E /* ListDescribtionViewController.swift in Sources */ = {isa = PBXBuildFile; fileRef = 04A8714B2C3995990027E74E /* ListDescribtionViewController.swift */; };
/* End PBXBuildFile section */

/* Begin PBXFileReference section */
		0407A8252C3578A600D1520B /* ListTableCellViewModel.swift */ = {isa = PBXFileReference; lastKnownFileType = sourcecode.swift; path = ListTableCellViewModel.swift; sourceTree = "<group>"; };
		040BD2322C16EFA30029EF57 /* newApp.app */ = {isa = PBXFileReference; explicitFileType = wrapper.application; includeInIndex = 0; path = newApp.app; sourceTree = BUILT_PRODUCTS_DIR; };
		040BD2352C16EFA30029EF57 /* AppDelegate.swift */ = {isa = PBXFileReference; lastKnownFileType = sourcecode.swift; path = AppDelegate.swift; sourceTree = "<group>"; };
		040BD2372C16EFA30029EF57 /* SceneDelegate.swift */ = {isa = PBXFileReference; lastKnownFileType = sourcecode.swift; path = SceneDelegate.swift; sourceTree = "<group>"; };
		040BD23C2C16EFA30029EF57 /* Base */ = {isa = PBXFileReference; lastKnownFileType = file.storyboard; name = Base; path = Base.lproj/Main.storyboard; sourceTree = "<group>"; };
		040BD23E2C16EFA50029EF57 /* Assets.xcassets */ = {isa = PBXFileReference; lastKnownFileType = folder.assetcatalog; path = Assets.xcassets; sourceTree = "<group>"; };
		040BD2412C16EFA50029EF57 /* Base */ = {isa = PBXFileReference; lastKnownFileType = file.storyboard; name = Base; path = Base.lproj/LaunchScreen.storyboard; sourceTree = "<group>"; };
		040BD2432C16EFA50029EF57 /* Info.plist */ = {isa = PBXFileReference; lastKnownFileType = text.plist.xml; path = Info.plist; sourceTree = "<group>"; };
		042260EE2C40353A00B91815 /* PracticeViewController.swift */ = {isa = PBXFileReference; lastKnownFileType = sourcecode.swift; path = PracticeViewController.swift; sourceTree = "<group>"; };
		043301FC2C1EE35100A3B4E5 /* ListViewController.swift */ = {isa = PBXFileReference; lastKnownFileType = sourcecode.swift; path = ListViewController.swift; sourceTree = "<group>"; };
		043301FE2C1EE90500A3B4E5 /* ListTableViewCell.swift */ = {isa = PBXFileReference; lastKnownFileType = sourcecode.swift; path = ListTableViewCell.swift; sourceTree = "<group>"; };
		043301FF2C1EE90500A3B4E5 /* ListTableViewCell.xib */ = {isa = PBXFileReference; lastKnownFileType = file.xib; path = ListTableViewCell.xib; sourceTree = "<group>"; };
		046F43142C3A899400F70790 /* ListDescribtionViewModel.swift */ = {isa = PBXFileReference; lastKnownFileType = sourcecode.swift; path = ListDescribtionViewModel.swift; sourceTree = "<group>"; };
		04A2D5E02C1751650069A787 /* Model.swift */ = {isa = PBXFileReference; lastKnownFileType = sourcecode.swift; path = Model.swift; sourceTree = "<group>"; };
		04A2D5E42C17534F0069A787 /* ListViewControllerViewModel.swift */ = {isa = PBXFileReference; lastKnownFileType = sourcecode.swift; path = ListViewControllerViewModel.swift; sourceTree = "<group>"; };
		04A8714B2C3995990027E74E /* ListDescribtionViewController.swift */ = {isa = PBXFileReference; lastKnownFileType = sourcecode.swift; path = ListDescribtionViewController.swift; sourceTree = "<group>"; };
/* End PBXFileReference section */

/* Begin PBXFrameworksBuildPhase section */
		040BD22F2C16EFA30029EF57 /* Frameworks */ = {
			isa = PBXFrameworksBuildPhase;
			buildActionMask = 2147483647;
			files = (
			);
			runOnlyForDeploymentPostprocessing = 0;
		};
/* End PBXFrameworksBuildPhase section */

/* Begin PBXGroup section */
		040BD2292C16EFA30029EF57 = {
			isa = PBXGroup;
			children = (
				040BD2342C16EFA30029EF57 /* newApp */,
				040BD2332C16EFA30029EF57 /* Products */,
			);
			sourceTree = "<group>";
		};
		040BD2332C16EFA30029EF57 /* Products */ = {
			isa = PBXGroup;
			children = (
				040BD2322C16EFA30029EF57 /* newApp.app */,
			);
			name = Products;
			sourceTree = "<group>";
		};
		040BD2342C16EFA30029EF57 /* newApp */ = {
			isa = PBXGroup;
			children = (
				04A871512C399AE30027E74E /* Model */,
				04A871502C399AC90027E74E /* ViewModel */,
				04A8714F2C399ABF0027E74E /* VC */,
				040BD2352C16EFA30029EF57 /* AppDelegate.swift */,
				040BD2372C16EFA30029EF57 /* SceneDelegate.swift */,
				040BD23E2C16EFA50029EF57 /* Assets.xcassets */,
				040BD2402C16EFA50029EF57 /* LaunchScreen.storyboard */,
				040BD2432C16EFA50029EF57 /* Info.plist */,
			);
			path = newApp;
			sourceTree = "<group>";
		};
		04A8714F2C399ABF0027E74E /* VC */ = {
			isa = PBXGroup;
			children = (
				040BD23B2C16EFA30029EF57 /* Main.storyboard */,
				043301FF2C1EE90500A3B4E5 /* ListTableViewCell.xib */,
				043301FC2C1EE35100A3B4E5 /* ListViewController.swift */,
				043301FE2C1EE90500A3B4E5 /* ListTableViewCell.swift */,
				04A8714B2C3995990027E74E /* ListDescribtionViewController.swift */,
				042260EE2C40353A00B91815 /* PracticeViewController.swift */,
			);
			path = VC;
			sourceTree = "<group>";
		};
		04A871502C399AC90027E74E /* ViewModel */ = {
			isa = PBXGroup;
			children = (
				04A2D5E42C17534F0069A787 /* ListViewControllerViewModel.swift */,
				0407A8252C3578A600D1520B /* ListTableCellViewModel.swift */,
				046F43142C3A899400F70790 /* ListDescribtionViewModel.swift */,
			);
			path = ViewModel;
			sourceTree = "<group>";
		};
		04A871512C399AE30027E74E /* Model */ = {
			isa = PBXGroup;
			children = (
				04A2D5E02C1751650069A787 /* Model.swift */,
			);
			path = Model;
			sourceTree = "<group>";
		};
/* End PBXGroup section */

/* Begin PBXNativeTarget section */
		040BD2312C16EFA30029EF57 /* newApp */ = {
			isa = PBXNativeTarget;
			buildConfigurationList = 040BD2462C16EFA50029EF57 /* Build configuration list for PBXNativeTarget "newApp" */;
			buildPhases = (
				040BD22E2C16EFA30029EF57 /* Sources */,
				040BD22F2C16EFA30029EF57 /* Frameworks */,
				040BD2302C16EFA30029EF57 /* Resources */,
			);
			buildRules = (
			);
			dependencies = (
			);
			name = newApp;
			productName = newApp;
			productReference = 040BD2322C16EFA30029EF57 /* newApp.app */;
			productType = "com.apple.product-type.application";
		};
/* End PBXNativeTarget section */

/* Begin PBXProject section */
		040BD22A2C16EFA30029EF57 /* Project object */ = {
			isa = PBXProject;
			attributes = {
				BuildIndependentTargetsInParallel = 1;
				LastSwiftUpdateCheck = 1430;
				LastUpgradeCheck = 1430;
				TargetAttributes = {
					040BD2312C16EFA30029EF57 = {
						CreatedOnToolsVersion = 14.3.1;
					};
				};
			};
			buildConfigurationList = 040BD22D2C16EFA30029EF57 /* Build configuration list for PBXProject "newApp" */;
			compatibilityVersion = "Xcode 14.0";
			developmentRegion = en;
			hasScannedForEncodings = 0;
			knownRegions = (
				en,
				Base,
			);
			mainGroup = 040BD2292C16EFA30029EF57;
			productRefGroup = 040BD2332C16EFA30029EF57 /* Products */;
			projectDirPath = "";
			projectRoot = "";
			targets = (
				040BD2312C16EFA30029EF57 /* newApp */,
			);
		};
/* End PBXProject section */

/* Begin PBXResourcesBuildPhase section */
		040BD2302C16EFA30029EF57 /* Resources */ = {
			isa = PBXResourcesBuildPhase;
			buildActionMask = 2147483647;
			files = (
				040BD2422C16EFA50029EF57 /* LaunchScreen.storyboard in Resources */,
				040BD23F2C16EFA50029EF57 /* Assets.xcassets in Resources */,
				040BD23D2C16EFA30029EF57 /* Main.storyboard in Resources */,
				043302012C1EE90500A3B4E5 /* ListTableViewCell.xib in Resources */,
			);
			runOnlyForDeploymentPostprocessing = 0;
		};
/* End PBXResourcesBuildPhase section */

/* Begin PBXSourcesBuildPhase section */
		040BD22E2C16EFA30029EF57 /* Sources */ = {
			isa = PBXSourcesBuildPhase;
			buildActionMask = 2147483647;
			files = (
				043302002C1EE90500A3B4E5 /* ListTableViewCell.swift in Sources */,
				04A2D5E52C17534F0069A787 /* ListViewControllerViewModel.swift in Sources */,
				043301FD2C1EE35100A3B4E5 /* ListViewController.swift in Sources */,
				042260EF2C40353A00B91815 /* PracticeViewController.swift in Sources */,
				040BD2362C16EFA30029EF57 /* AppDelegate.swift in Sources */,
				040BD2382C16EFA30029EF57 /* SceneDelegate.swift in Sources */,
				04A2D5E12C1751650069A787 /* Model.swift in Sources */,
				046F43152C3A899400F70790 /* ListDescribtionViewModel.swift in Sources */,
				0407A8262C3578A600D1520B /* ListTableCellViewModel.swift in Sources */,
				04A8714D2C3995990027E74E /* ListDescribtionViewController.swift in Sources */,
			);
			runOnlyForDeploymentPostprocessing = 0;
		};
/* End PBXSourcesBuildPhase section */

/* Begin PBXVariantGroup section */
		040BD23B2C16EFA30029EF57 /* Main.storyboard */ = {
			isa = PBXVariantGroup;
			children = (
				040BD23C2C16EFA30029EF57 /* Base */,
			);
			name = Main.storyboard;
			sourceTree = "<group>";
		};
		040BD2402C16EFA50029EF57 /* LaunchScreen.storyboard */ = {
			isa = PBXVariantGroup;
			children = (
				040BD2412C16EFA50029EF57 /* Base */,
			);
			name = LaunchScreen.storyboard;
			sourceTree = "<group>";
		};
/* End PBXVariantGroup section */

/* Begin XCBuildConfiguration section */
		040BD2442C16EFA50029EF57 /* Debug */ = {
			isa = XCBuildConfiguration;
			buildSettings = {
				ALWAYS_SEARCH_USER_PATHS = NO;
				CLANG_ANALYZER_NONNULL = YES;
				CLANG_ANALYZER_NUMBER_OBJECT_CONVERSION = YES_AGGRESSIVE;
				CLANG_CXX_LANGUAGE_STANDARD = "gnu++20";
				CLANG_ENABLE_MODULES = YES;
				CLANG_ENABLE_OBJC_ARC = YES;
				CLANG_ENABLE_OBJC_WEAK = YES;
				CLANG_WARN_BLOCK_CAPTURE_AUTORELEASING = YES;
				CLANG_WARN_BOOL_CONVERSION = YES;
				CLANG_WARN_COMMA = YES;
				CLANG_WARN_CONSTANT_CONVERSION = YES;
				CLANG_WARN_DEPRECATED_OBJC_IMPLEMENTATIONS = YES;
				CLANG_WARN_DIRECT_OBJC_ISA_USAGE = YES_ERROR;
				CLANG_WARN_DOCUMENTATION_COMMENTS = YES;
				CLANG_WARN_EMPTY_BODY = YES;
				CLANG_WARN_ENUM_CONVERSION = YES;
				CLANG_WARN_INFINITE_RECURSION = YES;
				CLANG_WARN_INT_CONVERSION = YES;
				CLANG_WARN_NON_LITERAL_NULL_CONVERSION = YES;
				CLANG_WARN_OBJC_IMPLICIT_RETAIN_SELF = YES;
				CLANG_WARN_OBJC_LITERAL_CONVERSION = YES;
				CLANG_WARN_OBJC_ROOT_CLASS = YES_ERROR;
				CLANG_WARN_QUOTED_INCLUDE_IN_FRAMEWORK_HEADER = YES;
				CLANG_WARN_RANGE_LOOP_ANALYSIS = YES;
				CLANG_WARN_STRICT_PROTOTYPES = YES;
				CLANG_WARN_SUSPICIOUS_MOVE = YES;
				CLANG_WARN_UNGUARDED_AVAILABILITY = YES_AGGRESSIVE;
				CLANG_WARN_UNREACHABLE_CODE = YES;
				CLANG_WARN__DUPLICATE_METHOD_MATCH = YES;
				COPY_PHASE_STRIP = NO;
				DEBUG_INFORMATION_FORMAT = dwarf;
				ENABLE_STRICT_OBJC_MSGSEND = YES;
				ENABLE_TESTABILITY = YES;
				GCC_C_LANGUAGE_STANDARD = gnu11;
				GCC_DYNAMIC_NO_PIC = NO;
				GCC_NO_COMMON_BLOCKS = YES;
				GCC_OPTIMIZATION_LEVEL = 0;
				GCC_PREPROCESSOR_DEFINITIONS = (
					"DEBUG=1",
					"$(inherited)",
				);
				GCC_WARN_64_TO_32_BIT_CONVERSION = YES;
				GCC_WARN_ABOUT_RETURN_TYPE = YES_ERROR;
				GCC_WARN_UNDECLARED_SELECTOR = YES;
				GCC_WARN_UNINITIALIZED_AUTOS = YES_AGGRESSIVE;
				GCC_WARN_UNUSED_FUNCTION = YES;
				GCC_WARN_UNUSED_VARIABLE = YES;
				IPHONEOS_DEPLOYMENT_TARGET = 16.4;
				MTL_ENABLE_DEBUG_INFO = INCLUDE_SOURCE;
				MTL_FAST_MATH = YES;
				ONLY_ACTIVE_ARCH = YES;
				SDKROOT = iphoneos;
				SWIFT_ACTIVE_COMPILATION_CONDITIONS = DEBUG;
				SWIFT_OPTIMIZATION_LEVEL = "-Onone";
			};
			name = Debug;
		};
		040BD2452C16EFA50029EF57 /* Release */ = {
			isa = XCBuildConfiguration;
			buildSettings = {
				ALWAYS_SEARCH_USER_PATHS = NO;
				CLANG_ANALYZER_NONNULL = YES;
				CLANG_ANALYZER_NUMBER_OBJECT_CONVERSION = YES_AGGRESSIVE;
				CLANG_CXX_LANGUAGE_STANDARD = "gnu++20";
				CLANG_ENABLE_MODULES = YES;
				CLANG_ENABLE_OBJC_ARC = YES;
				CLANG_ENABLE_OBJC_WEAK = YES;
				CLANG_WARN_BLOCK_CAPTURE_AUTORELEASING = YES;
				CLANG_WARN_BOOL_CONVERSION = YES;
				CLANG_WARN_COMMA = YES;
				CLANG_WARN_CONSTANT_CONVERSION = YES;
				CLANG_WARN_DEPRECATED_OBJC_IMPLEMENTATIONS = YES;
				CLANG_WARN_DIRECT_OBJC_ISA_USAGE = YES_ERROR;
				CLANG_WARN_DOCUMENTATION_COMMENTS = YES;
				CLANG_WARN_EMPTY_BODY = YES;
				CLANG_WARN_ENUM_CONVERSION = YES;
				CLANG_WARN_INFINITE_RECURSION = YES;
				CLANG_WARN_INT_CONVERSION = YES;
				CLANG_WARN_NON_LITERAL_NULL_CONVERSION = YES;
				CLANG_WARN_OBJC_IMPLICIT_RETAIN_SELF = YES;
				CLANG_WARN_OBJC_LITERAL_CONVERSION = YES;
				CLANG_WARN_OBJC_ROOT_CLASS = YES_ERROR;
				CLANG_WARN_QUOTED_INCLUDE_IN_FRAMEWORK_HEADER = YES;
				CLANG_WARN_RANGE_LOOP_ANALYSIS = YES;
				CLANG_WARN_STRICT_PROTOTYPES = YES;
				CLANG_WARN_SUSPICIOUS_MOVE = YES;
				CLANG_WARN_UNGUARDED_AVAILABILITY = YES_AGGRESSIVE;
				CLANG_WARN_UNREACHABLE_CODE = YES;
				CLANG_WARN__DUPLICATE_METHOD_MATCH = YES;
				COPY_PHASE_STRIP = NO;
				DEBUG_INFORMATION_FORMAT = "dwarf-with-dsym";
				ENABLE_NS_ASSERTIONS = NO;
				ENABLE_STRICT_OBJC_MSGSEND = YES;
				GCC_C_LANGUAGE_STANDARD = gnu11;
				GCC_NO_COMMON_BLOCKS = YES;
				GCC_WARN_64_TO_32_BIT_CONVERSION = YES;
				GCC_WARN_ABOUT_RETURN_TYPE = YES_ERROR;
				GCC_WARN_UNDECLARED_SELECTOR = YES;
				GCC_WARN_UNINITIALIZED_AUTOS = YES_AGGRESSIVE;
				GCC_WARN_UNUSED_FUNCTION = YES;
				GCC_WARN_UNUSED_VARIABLE = YES;
				IPHONEOS_DEPLOYMENT_TARGET = 16.4;
				MTL_ENABLE_DEBUG_INFO = NO;
				MTL_FAST_MATH = YES;
				SDKROOT = iphoneos;
				SWIFT_COMPILATION_MODE = wholemodule;
				SWIFT_OPTIMIZATION_LEVEL = "-O";
				VALIDATE_PRODUCT = YES;
			};
			name = Release;
		};
		040BD2472C16EFA50029EF57 /* Debug */ = {
			isa = XCBuildConfiguration;
			buildSettings = {
				ASSETCATALOG_COMPILER_APPICON_NAME = AppIcon;
				ASSETCATALOG_COMPILER_GLOBAL_ACCENT_COLOR_NAME = AccentColor;
				CODE_SIGN_STYLE = Automatic;
				CURRENT_PROJECT_VERSION = 1;
				GENERATE_INFOPLIST_FILE = YES;
				INFOPLIST_FILE = newApp/Info.plist;
				INFOPLIST_KEY_UIApplicationSupportsIndirectInputEvents = YES;
				INFOPLIST_KEY_UILaunchStoryboardName = LaunchScreen;
				INFOPLIST_KEY_UIMainStoryboardFile = Main;
				INFOPLIST_KEY_UISupportedInterfaceOrientations_iPad = "UIInterfaceOrientationPortrait UIInterfaceOrientationPortraitUpsideDown UIInterfaceOrientationLandscapeLeft UIInterfaceOrientationLandscapeRight";
				INFOPLIST_KEY_UISupportedInterfaceOrientations_iPhone = "UIInterfaceOrientationPortrait UIInterfaceOrientationLandscapeLeft UIInterfaceOrientationLandscapeRight";
				LD_RUNPATH_SEARCH_PATHS = (
					"$(inherited)",
					"@executable_path/Frameworks",
				);
				MARKETING_VERSION = 1.0;
				PRODUCT_BUNDLE_IDENTIFIER = peter.lo.newApp;
				PRODUCT_NAME = "$(TARGET_NAME)";
				SWIFT_EMIT_LOC_STRINGS = YES;
				SWIFT_VERSION = 5.0;
				TARGETED_DEVICE_FAMILY = "1,2";
			};
			name = Debug;
		};
		040BD2482C16EFA50029EF57 /* Release */ = {
			isa = XCBuildConfiguration;
			buildSettings = {
				ASSETCATALOG_COMPILER_APPICON_NAME = AppIcon;
				ASSETCATALOG_COMPILER_GLOBAL_ACCENT_COLOR_NAME = AccentColor;
				CODE_SIGN_STYLE = Automatic;
				CURRENT_PROJECT_VERSION = 1;
				GENERATE_INFOPLIST_FILE = YES;
				INFOPLIST_FILE = newApp/Info.plist;
				INFOPLIST_KEY_UIApplicationSupportsIndirectInputEvents = YES;
				INFOPLIST_KEY_UILaunchStoryboardName = LaunchScreen;
				INFOPLIST_KEY_UIMainStoryboardFile = Main;
				INFOPLIST_KEY_UISupportedInterfaceOrientations_iPad = "UIInterfaceOrientationPortrait UIInterfaceOrientationPortraitUpsideDown UIInterfaceOrientationLandscapeLeft UIInterfaceOrientationLandscapeRight";
				INFOPLIST_KEY_UISupportedInterfaceOrientations_iPhone = "UIInterfaceOrientationPortrait UIInterfaceOrientationLandscapeLeft UIInterfaceOrientationLandscapeRight";
				LD_RUNPATH_SEARCH_PATHS = (
					"$(inherited)",
					"@executable_path/Frameworks",
				);
				MARKETING_VERSION = 1.0;
				PRODUCT_BUNDLE_IDENTIFIER = peter.lo.newApp;
				PRODUCT_NAME = "$(TARGET_NAME)";
				SWIFT_EMIT_LOC_STRINGS = YES;
				SWIFT_VERSION = 5.0;
				TARGETED_DEVICE_FAMILY = "1,2";
			};
			name = Release;
		};
/* End XCBuildConfiguration section */

/* Begin XCConfigurationList section */
		040BD22D2C16EFA30029EF57 /* Build configuration list for PBXProject "newApp" */ = {
			isa = XCConfigurationList;
			buildConfigurations = (
				040BD2442C16EFA50029EF57 /* Debug */,
				040BD2452C16EFA50029EF57 /* Release */,
			);
			defaultConfigurationIsVisible = 0;
			defaultConfigurationName = Release;
		};
		040BD2462C16EFA50029EF57 /* Build configuration list for PBXNativeTarget "newApp" */ = {
			isa = XCConfigurationList;
			buildConfigurations = (
				040BD2472C16EFA50029EF57 /* Debug */,
				040BD2482C16EFA50029EF57 /* Release */,
			);
			defaultConfigurationIsVisible = 0;
			defaultConfigurationName = Release;
		};
/* End XCConfigurationList section */
	};
	rootObject = 040BD22A2C16EFA30029EF57 /* Project object */;
}
